
Microsoft Visual Studio Solution File, Format Version 12.00
# Visual Studio 15
VisualStudioVersion = 15.0.28307.960
MinimumVisualStudioVersion = 10.0.40219.1
Project("{FAE04EC0-301F-11D3-BF4B-00C04F79EFBC}") = "websiteBANHANG", "websiteBANHANG\websiteBANHANG.csproj", "{910F1A10-B4FB-4860-92C3-7C5DF8DE82B1}"
EndProject
Global
	GlobalSection(SolutionConfigurationPlatforms) = preSolution
		Debug|Any CPU = Debug|Any CPU
		Release|Any CPU = Release|Any CPU
	EndGlobalSection
	GlobalSection(ProjectConfigurationPlatforms) = postSolution
		{910F1A10-B4FB-4860-92C3-7C5DF8DE82B1}.Debug|Any CPU.ActiveCfg = Debug|Any CPU
		{910F1A10-B4FB-4860-92C3-7C5DF8DE82B1}.Debug|Any CPU.Build.0 = Debug|Any CPU
		{910F1A10-B4FB-4860-92C3-7C5DF8DE82B1}.Release|Any CPU.ActiveCfg = Release|Any CPU
		{910F1A10-B4FB-4860-92C3-7C5DF8DE82B1}.Release|Any CPU.Build.0 = Release|Any CPU
	EndGlobalSection
	GlobalSection(SolutionProperties) = preSolution
		HideSolutionNode = FALSE
	EndGlobalSection
	GlobalSection(ExtensibilityGlobals) = postSolution
		SolutionGuid = {3F72E302-47C5-4615-AF95-33641B15A6EA}
	EndGlobalSection
EndGlobal
